
Microsoft Visual Studio Solution File, Format Version 12.00
# Visual Studio Version 16
VisualStudioVersion = 16.0.31702.278
MinimumVisualStudioVersion = 10.0.40219.1
Project("{FAE04EC0-301F-11D3-BF4B-00C04F79EFBC}") = "GFT4", "GFT4.csproj", "{A5D5A739-AAD6-4887-ACF3-9BF8BB2F497B}"
EndProject
Global
	GlobalSection(SolutionConfigurationPlatforms) = preSolution
		Debug|Any CPU = Debug|Any CPU
		Release|Any CPU = Release|Any CPU
	EndGlobalSection
	GlobalSection(ProjectConfigurationPlatforms) = postSolution
		{A5D5A739-AAD6-4887-ACF3-9BF8BB2F497B}.Debug|Any CPU.ActiveCfg = Debug|Any CPU
		{A5D5A739-AAD6-4887-ACF3-9BF8BB2F497B}.Debug|Any CPU.Build.0 = Debug|Any CPU
		{A5D5A739-AAD6-4887-ACF3-9BF8BB2F497B}.Release|Any CPU.ActiveCfg = Release|Any CPU
		{A5D5A739-AAD6-4887-ACF3-9BF8BB2F497B}.Release|Any CPU.Build.0 = Release|Any CPU
	EndGlobalSection
	GlobalSection(SolutionProperties) = preSolution
		HideSolutionNode = FALSE
	EndGlobalSection
	GlobalSection(ExtensibilityGlobals) = postSolution
		SolutionGuid = {56CBEAFE-0181-45CE-9F88-EE41C593778E}
	EndGlobalSection
EndGlobal
